{
  "name": "GeldManagmentSysteem_React",
  "lockfileVersion": 3,
  "requires": true,
  "packages": {
    "": {
      "dependencies": {
        "ag-charts-react": "^11.0.3"
      }
    },
    "node_modules/ag-charts-community": {
      "version": "11.0.3",
      "resolved": "https://registry.npmjs.org/ag-charts-community/-/ag-charts-community-11.0.3.tgz",
      "integrity": "sha512-S3+gGxJSCSqMyyM8x2US1XBpS++UXLqcMu/Ne/PPXK0uyY7Ca4c6cjEj+ne+p0MTzSdgL0NaeGKxnzEyRpma1A==",
      "peer": true,
      "dependencies": {
        "ag-charts-locale": "11.0.3",
        "ag-charts-types": "11.0.3"
      }
    },
    "node_modules/ag-charts-locale": {
      "version": "11.0.3",
      "resolved": "https://registry.npmjs.org/ag-charts-locale/-/ag-charts-locale-11.0.3.tgz",
      "integrity": "sha512-DaHGu22bOrS+2WngwlAGwru7gQECMm9rkulGS0CxveNMwXkw42of6R81zcHZYWYRNuxqg00XKuWfa7nzakoO/w==",
      "peer": true
    },
    "node_modules/ag-charts-react": {
      "version": "11.0.3",
      "resolved": "https://registry.npmjs.org/ag-charts-react/-/ag-charts-react-11.0.3.tgz",
      "integrity": "sha512-QGXQoaPiGhPAmby1ISQ78Dy1qz0/xNqpYpkHY3qayQH72HBTAAHkBklLPKbwfr1Yu8quYkDzCd04MOjeOCsjyg==",
      "peerDependencies": {
        "ag-charts-community": "11.0.3",
        "react": "^18.0.0 || ^19.0.0"
      }
    },
    "node_modules/ag-charts-types": {
      "version": "11.0.3",
      "resolved": "https://registry.npmjs.org/ag-charts-types/-/ag-charts-types-11.0.3.tgz",
      "integrity": "sha512-q7O2viQXPyO014QVH7KjFCUmQ/NvMBx9ReZtramQ44u+/aAa0ttLi/coK+V0Hse4/MG1eB/2XhgymdooQ0Kalg==",
      "peer": true
    },
    "node_modules/react": {
      "version": "19.0.0",
      "resolved": "https://registry.npmjs.org/react/-/react-19.0.0.tgz",
      "integrity": "sha512-V8AVnmPIICiWpGfm6GLzCR/W5FXLchHop40W4nXBmdlEceh16rCN8O8LNWm5bh5XUX91fh7KpA+W0TgMKmgTpQ==",
      "peer": true,
      "engines": {
        "node": ">=0.10.0"
      }
    }
  }
}
